
Microsoft Visual Studio Solution File, Format Version 12.00
# Visual Studio Version 17
VisualStudioVersion = 17.11.35219.272
MinimumVisualStudioVersion = 10.0.40219.1
Project("{FAE04EC0-301F-11D3-BF4B-00C04F79EFBC}") = "Cry7ptoBot", "Cry7ptoBot\Cry7ptoBot.csproj", "{8F3710AE-3153-44D5-BDED-4F6DA4623DD4}"
EndProject
Global
	GlobalSection(SolutionConfigurationPlatforms) = preSolution
		Debug|Any CPU = Debug|Any CPU
		Release|Any CPU = Release|Any CPU
	EndGlobalSection
	GlobalSection(ProjectConfigurationPlatforms) = postSolution
		{8F3710AE-3153-44D5-BDED-4F6DA4623DD4}.Debug|Any CPU.ActiveCfg = Debug|Any CPU
		{8F3710AE-3153-44D5-BDED-4F6DA4623DD4}.Debug|Any CPU.Build.0 = Debug|Any CPU
		{8F3710AE-3153-44D5-BDED-4F6DA4623DD4}.Release|Any CPU.ActiveCfg = Release|Any CPU
		{8F3710AE-3153-44D5-BDED-4F6DA4623DD4}.Release|Any CPU.Build.0 = Release|Any CPU
	EndGlobalSection
	GlobalSection(SolutionProperties) = preSolution
		HideSolutionNode = FALSE
	EndGlobalSection
	GlobalSection(ExtensibilityGlobals) = postSolution
		SolutionGuid = {1ED039F9-4A95-4B56-83EC-E8D0E5203220}
	EndGlobalSection
EndGlobal
